
Microsoft Visual Studio Solution File, Format Version 12.00
# Visual Studio Version 17
VisualStudioVersion = 17.0.32112.339
MinimumVisualStudioVersion = 10.0.40219.1
Project("{2150E333-8FDC-42A3-9474-1A3956D46DE8}") = "Services", "Services", "{F4EF2AB7-84CC-4271-96A6-5657C47B55FF}"
EndProject
Project("{2150E333-8FDC-42A3-9474-1A3956D46DE8}") = "HotelAPI", "HotelAPI", "{5F6A15BB-6EE3-41F7-A08E-6202786ACDF9}"
EndProject
Project("{9A19103F-16F7-4668-BE54-9A1E7A4F7556}") = "Hotel.API", "Services\HotelAPI\Hotel.API\Hotel.API.csproj", "{2D83D202-D0F1-42E3-84D3-5215B5F1D42E}"
EndProject
Project("{9A19103F-16F7-4668-BE54-9A1E7A4F7556}") = "Hotel.API.Infrastructure", "Services\HotelAPI\Hotel.API.Infrastructure\Hotel.API.Infrastructure.csproj", "{BF5A9AB4-1ABF-497B-9A71-AB6BC6047401}"
EndProject
Project("{9A19103F-16F7-4668-BE54-9A1E7A4F7556}") = "Hotel.API.Models", "Services\HotelAPI\Hotel.API.Models\Hotel.API.Models.csproj", "{8DFF61DD-7B0E-4FB4-808E-AF40AC9224CC}"
EndProject
Project("{9A19103F-16F7-4668-BE54-9A1E7A4F7556}") = "Hotel.API.Services", "Services\HotelAPI\Hotel.API.Services\Hotel.API.Services.csproj", "{D6612CDB-99F9-4D23-B7EB-B7BB61552F1E}"
EndProject
Project("{2150E333-8FDC-42A3-9474-1A3956D46DE8}") = "HotelContactAPI", "HotelContactAPI", "{E0AE9EF2-110D-4396-B901-212AE5254C7E}"
EndProject
Project("{9A19103F-16F7-4668-BE54-9A1E7A4F7556}") = "HotelContact.API", "Services\HotelContactAPI\HotelContact.API\HotelContact.API.csproj", "{AF7C2450-386E-4E75-AC72-DDFCF224B7CA}"
EndProject
Project("{9A19103F-16F7-4668-BE54-9A1E7A4F7556}") = "HotelContact.API.Models", "Services\HotelContactAPI\HotelContact.API.Models\HotelContact.API.Models.csproj", "{FE82453D-D9D6-458C-AA45-301C09B77B2C}"
EndProject
Project("{2150E333-8FDC-42A3-9474-1A3956D46DE8}") = "HotelOfficialAPI", "HotelOfficialAPI", "{4DCA9124-A5C2-40A0-83EC-12560EC4162A}"
EndProject
Project("{9A19103F-16F7-4668-BE54-9A1E7A4F7556}") = "HotelOfficial.API", "Services\HotelOfficialAPI\HotelOfficial.API\HotelOfficial.API.csproj", "{EC418E18-DBF4-4C27-966D-EE7D5E675AA7}"
EndProject
Project("{9A19103F-16F7-4668-BE54-9A1E7A4F7556}") = "HotelOfficial.API.Infrastructure", "Services\HotelOfficialAPI\HotelOfficial.API.Infrastructure\HotelOfficial.API.Infrastructure.csproj", "{ABE1ED36-D4FD-4E17-A43D-F23F03FD69D0}"
EndProject
Project("{9A19103F-16F7-4668-BE54-9A1E7A4F7556}") = "HotelOfficial.API.Models", "Services\HotelOfficialAPI\HotelOfficial.API.Models\HotelOfficial.API.Models.csproj", "{9BA13CF1-79DA-4460-A6AB-D325A448540A}"
EndProject
Project("{9A19103F-16F7-4668-BE54-9A1E7A4F7556}") = "HotelOfficial.API.Services", "Services\HotelOfficialAPI\HotelOfficial.API.Services\HotelOfficial.API.Services.csproj", "{5B7EA4DE-2D24-4437-97A3-D518DC2D738B}"
EndProject
Project("{9A19103F-16F7-4668-BE54-9A1E7A4F7556}") = "HotelContact.API.Services", "Services\HotelContactAPI\HotelContact.API.Services\HotelContact.API.Services.csproj", "{5732A57B-9F6E-4ADF-BA51-08C021E7280D}"
EndProject
Project("{9A19103F-16F7-4668-BE54-9A1E7A4F7556}") = "HotelContact.API.Infrastructure", "Services\HotelContactAPI\HotelContact.API.Infrastructure\HotelContact.API.Infrastructure.csproj", "{E5EDDEE6-37A9-4022-A03A-3CD202B59F39}"
EndProject
Project("{9A19103F-16F7-4668-BE54-9A1E7A4F7556}") = "APIGateway", "APIGateway\APIGateway.csproj", "{24F676CA-21EF-445F-A14A-BE902ADC7D3E}"
EndProject
Global
	GlobalSection(SolutionConfigurationPlatforms) = preSolution
		Debug|Any CPU = Debug|Any CPU
		Release|Any CPU = Release|Any CPU
	EndGlobalSection
	GlobalSection(ProjectConfigurationPlatforms) = postSolution
		{2D83D202-D0F1-42E3-84D3-5215B5F1D42E}.Debug|Any CPU.ActiveCfg = Debug|Any CPU
		{2D83D202-D0F1-42E3-84D3-5215B5F1D42E}.Debug|Any CPU.Build.0 = Debug|Any CPU
		{2D83D202-D0F1-42E3-84D3-5215B5F1D42E}.Release|Any CPU.ActiveCfg = Release|Any CPU
		{2D83D202-D0F1-42E3-84D3-5215B5F1D42E}.Release|Any CPU.Build.0 = Release|Any CPU
		{BF5A9AB4-1ABF-497B-9A71-AB6BC6047401}.Debug|Any CPU.ActiveCfg = Debug|Any CPU
		{BF5A9AB4-1ABF-497B-9A71-AB6BC6047401}.Debug|Any CPU.Build.0 = Debug|Any CPU
		{BF5A9AB4-1ABF-497B-9A71-AB6BC6047401}.Release|Any CPU.ActiveCfg = Release|Any CPU
		{BF5A9AB4-1ABF-497B-9A71-AB6BC6047401}.Release|Any CPU.Build.0 = Release|Any CPU
		{8DFF61DD-7B0E-4FB4-808E-AF40AC9224CC}.Debug|Any CPU.ActiveCfg = Debug|Any CPU
		{8DFF61DD-7B0E-4FB4-808E-AF40AC9224CC}.Debug|Any CPU.Build.0 = Debug|Any CPU
		{8DFF61DD-7B0E-4FB4-808E-AF40AC9224CC}.Release|Any CPU.ActiveCfg = Release|Any CPU
		{8DFF61DD-7B0E-4FB4-808E-AF40AC9224CC}.Release|Any CPU.Build.0 = Release|Any CPU
		{D6612CDB-99F9-4D23-B7EB-B7BB61552F1E}.Debug|Any CPU.ActiveCfg = Debug|Any CPU
		{D6612CDB-99F9-4D23-B7EB-B7BB61552F1E}.Debug|Any CPU.Build.0 = Debug|Any CPU
		{D6612CDB-99F9-4D23-B7EB-B7BB61552F1E}.Release|Any CPU.ActiveCfg = Release|Any CPU
		{D6612CDB-99F9-4D23-B7EB-B7BB61552F1E}.Release|Any CPU.Build.0 = Release|Any CPU
		{AF7C2450-386E-4E75-AC72-DDFCF224B7CA}.Debug|Any CPU.ActiveCfg = Debug|Any CPU
		{AF7C2450-386E-4E75-AC72-DDFCF224B7CA}.Debug|Any CPU.Build.0 = Debug|Any CPU
		{AF7C2450-386E-4E75-AC72-DDFCF224B7CA}.Release|Any CPU.ActiveCfg = Release|Any CPU
		{AF7C2450-386E-4E75-AC72-DDFCF224B7CA}.Release|Any CPU.Build.0 = Release|Any CPU
		{FE82453D-D9D6-458C-AA45-301C09B77B2C}.Debug|Any CPU.ActiveCfg = Debug|Any CPU
		{FE82453D-D9D6-458C-AA45-301C09B77B2C}.Debug|Any CPU.Build.0 = Debug|Any CPU
		{FE82453D-D9D6-458C-AA45-301C09B77B2C}.Release|Any CPU.ActiveCfg = Release|Any CPU
		{FE82453D-D9D6-458C-AA45-301C09B77B2C}.Release|Any CPU.Build.0 = Release|Any CPU
		{EC418E18-DBF4-4C27-966D-EE7D5E675AA7}.Debug|Any CPU.ActiveCfg = Debug|Any CPU
		{EC418E18-DBF4-4C27-966D-EE7D5E675AA7}.Debug|Any CPU.Build.0 = Debug|Any CPU
		{EC418E18-DBF4-4C27-966D-EE7D5E675AA7}.Release|Any CPU.ActiveCfg = Release|Any CPU
		{EC418E18-DBF4-4C27-966D-EE7D5E675AA7}.Release|Any CPU.Build.0 = Release|Any CPU
		{ABE1ED36-D4FD-4E17-A43D-F23F03FD69D0}.Debug|Any CPU.ActiveCfg = Debug|Any CPU
		{ABE1ED36-D4FD-4E17-A43D-F23F03FD69D0}.Debug|Any CPU.Build.0 = Debug|Any CPU
		{ABE1ED36-D4FD-4E17-A43D-F23F03FD69D0}.Release|Any CPU.ActiveCfg = Release|Any CPU
		{ABE1ED36-D4FD-4E17-A43D-F23F03FD69D0}.Release|Any CPU.Build.0 = Release|Any CPU
		{9BA13CF1-79DA-4460-A6AB-D325A448540A}.Debug|Any CPU.ActiveCfg = Debug|Any CPU
		{9BA13CF1-79DA-4460-A6AB-D325A448540A}.Debug|Any CPU.Build.0 = Debug|Any CPU
		{9BA13CF1-79DA-4460-A6AB-D325A448540A}.Release|Any CPU.ActiveCfg = Release|Any CPU
		{9BA13CF1-79DA-4460-A6AB-D325A448540A}.Release|Any CPU.Build.0 = Release|Any CPU
		{5B7EA4DE-2D24-4437-97A3-D518DC2D738B}.Debug|Any CPU.ActiveCfg = Debug|Any CPU
		{5B7EA4DE-2D24-4437-97A3-D518DC2D738B}.Debug|Any CPU.Build.0 = Debug|Any CPU
		{5B7EA4DE-2D24-4437-97A3-D518DC2D738B}.Release|Any CPU.ActiveCfg = Release|Any CPU
		{5B7EA4DE-2D24-4437-97A3-D518DC2D738B}.Release|Any CPU.Build.0 = Release|Any CPU
		{5732A57B-9F6E-4ADF-BA51-08C021E7280D}.Debug|Any CPU.ActiveCfg = Debug|Any CPU
		{5732A57B-9F6E-4ADF-BA51-08C021E7280D}.Debug|Any CPU.Build.0 = Debug|Any CPU
		{5732A57B-9F6E-4ADF-BA51-08C021E7280D}.Release|Any CPU.ActiveCfg = Release|Any CPU
		{5732A57B-9F6E-4ADF-BA51-08C021E7280D}.Release|Any CPU.Build.0 = Release|Any CPU
		{E5EDDEE6-37A9-4022-A03A-3CD202B59F39}.Debug|Any CPU.ActiveCfg = Debug|Any CPU
		{E5EDDEE6-37A9-4022-A03A-3CD202B59F39}.Debug|Any CPU.Build.0 = Debug|Any CPU
		{E5EDDEE6-37A9-4022-A03A-3CD202B59F39}.Release|Any CPU.ActiveCfg = Release|Any CPU
		{E5EDDEE6-37A9-4022-A03A-3CD202B59F39}.Release|Any CPU.Build.0 = Release|Any CPU
		{24F676CA-21EF-445F-A14A-BE902ADC7D3E}.Debug|Any CPU.ActiveCfg = Debug|Any CPU
		{24F676CA-21EF-445F-A14A-BE902ADC7D3E}.Debug|Any CPU.Build.0 = Debug|Any CPU
		{24F676CA-21EF-445F-A14A-BE902ADC7D3E}.Release|Any CPU.ActiveCfg = Release|Any CPU
		{24F676CA-21EF-445F-A14A-BE902ADC7D3E}.Release|Any CPU.Build.0 = Release|Any CPU
	EndGlobalSection
	GlobalSection(SolutionProperties) = preSolution
		HideSolutionNode = FALSE
	EndGlobalSection
	GlobalSection(NestedProjects) = preSolution
		{5F6A15BB-6EE3-41F7-A08E-6202786ACDF9} = {F4EF2AB7-84CC-4271-96A6-5657C47B55FF}
		{2D83D202-D0F1-42E3-84D3-5215B5F1D42E} = {5F6A15BB-6EE3-41F7-A08E-6202786ACDF9}
		{BF5A9AB4-1ABF-497B-9A71-AB6BC6047401} = {5F6A15BB-6EE3-41F7-A08E-6202786ACDF9}
		{8DFF61DD-7B0E-4FB4-808E-AF40AC9224CC} = {5F6A15BB-6EE3-41F7-A08E-6202786ACDF9}
		{D6612CDB-99F9-4D23-B7EB-B7BB61552F1E} = {5F6A15BB-6EE3-41F7-A08E-6202786ACDF9}
		{E0AE9EF2-110D-4396-B901-212AE5254C7E} = {F4EF2AB7-84CC-4271-96A6-5657C47B55FF}
		{AF7C2450-386E-4E75-AC72-DDFCF224B7CA} = {E0AE9EF2-110D-4396-B901-212AE5254C7E}
		{FE82453D-D9D6-458C-AA45-301C09B77B2C} = {E0AE9EF2-110D-4396-B901-212AE5254C7E}
		{4DCA9124-A5C2-40A0-83EC-12560EC4162A} = {F4EF2AB7-84CC-4271-96A6-5657C47B55FF}
		{EC418E18-DBF4-4C27-966D-EE7D5E675AA7} = {4DCA9124-A5C2-40A0-83EC-12560EC4162A}
		{ABE1ED36-D4FD-4E17-A43D-F23F03FD69D0} = {4DCA9124-A5C2-40A0-83EC-12560EC4162A}
		{9BA13CF1-79DA-4460-A6AB-D325A448540A} = {4DCA9124-A5C2-40A0-83EC-12560EC4162A}
		{5B7EA4DE-2D24-4437-97A3-D518DC2D738B} = {4DCA9124-A5C2-40A0-83EC-12560EC4162A}
		{5732A57B-9F6E-4ADF-BA51-08C021E7280D} = {E0AE9EF2-110D-4396-B901-212AE5254C7E}
		{E5EDDEE6-37A9-4022-A03A-3CD202B59F39} = {E0AE9EF2-110D-4396-B901-212AE5254C7E}
	EndGlobalSection
	GlobalSection(ExtensibilityGlobals) = postSolution
		SolutionGuid = {5751EF96-A6E1-427F-AE08-1A3694FB8C7B}
	EndGlobalSection
EndGlobal
